
Microsoft Visual Studio Solution File, Format Version 12.00
# Visual Studio Version 17
VisualStudioVersion = 17.4.33213.308
MinimumVisualStudioVersion = 10.0.40219.1
Project("{FAE04EC0-301F-11D3-BF4B-00C04F79EFBC}") = "OMI Filetype Library", "OMI Filetypes\OMI Filetype Library.csproj", "{693AEBC1-293D-4DF0-BCAE-26A1099FE7BB}"
EndProject
Global
	GlobalSection(SolutionConfigurationPlatforms) = preSolution
		Debug|Any CPU = Debug|Any CPU
		Release|Any CPU = Release|Any CPU
	EndGlobalSection
	GlobalSection(ProjectConfigurationPlatforms) = postSolution
		{693AEBC1-293D-4DF0-BCAE-26A1099FE7BB}.Debug|Any CPU.ActiveCfg = Debug|Any CPU
		{693AEBC1-293D-4DF0-BCAE-26A1099FE7BB}.Debug|Any CPU.Build.0 = Debug|Any CPU
		{693AEBC1-293D-4DF0-BCAE-26A1099FE7BB}.Release|Any CPU.ActiveCfg = Release|Any CPU
		{693AEBC1-293D-4DF0-BCAE-26A1099FE7BB}.Release|Any CPU.Build.0 = Release|Any CPU
	EndGlobalSection
	GlobalSection(SolutionProperties) = preSolution
		HideSolutionNode = FALSE
	EndGlobalSection
	GlobalSection(ExtensibilityGlobals) = postSolution
		SolutionGuid = {DAA891A9-7556-43F7-84BA-3B77C69D4D71}
	EndGlobalSection
EndGlobal
